
Microsoft Visual Studio Solution File, Format Version 12.00
# Visual Studio 15
VisualStudioVersion = 15.0.27428.2037
MinimumVisualStudioVersion = 10.0.40219.1
Project("{9A19103F-16F7-4668-BE54-9A1E7A4F7556}") = "Poynt.NET", "Poynt.NET\Poynt.NET.csproj", "{5824FEF0-4104-4832-8C30-8F46ABBFAF51}"
EndProject
Project("{FAE04EC0-301F-11D3-BF4B-00C04F79EFBC}") = "PoyntSdkTest", "PoyntSdkTest\PoyntSdkTest.csproj", "{56C3F203-4CF9-481B-ACE8-D246E0231B75}"
EndProject
Project("{FAE04EC0-301F-11D3-BF4B-00C04F79EFBC}") = "Poynt.NET.Model", "Poynt.NET.Model\Poynt.NET.Model.csproj", "{ED755864-0698-4553-AAFC-E641D0E11070}"
EndProject
Global
	GlobalSection(SolutionConfigurationPlatforms) = preSolution
		Debug|Any CPU = Debug|Any CPU
		Release|Any CPU = Release|Any CPU
	EndGlobalSection
	GlobalSection(ProjectConfigurationPlatforms) = postSolution
		{5824FEF0-4104-4832-8C30-8F46ABBFAF51}.Debug|Any CPU.ActiveCfg = Debug|Any CPU
		{5824FEF0-4104-4832-8C30-8F46ABBFAF51}.Debug|Any CPU.Build.0 = Debug|Any CPU
		{5824FEF0-4104-4832-8C30-8F46ABBFAF51}.Release|Any CPU.ActiveCfg = Release|Any CPU
		{5824FEF0-4104-4832-8C30-8F46ABBFAF51}.Release|Any CPU.Build.0 = Release|Any CPU
		{56C3F203-4CF9-481B-ACE8-D246E0231B75}.Debug|Any CPU.ActiveCfg = Debug|Any CPU
		{56C3F203-4CF9-481B-ACE8-D246E0231B75}.Debug|Any CPU.Build.0 = Debug|Any CPU
		{56C3F203-4CF9-481B-ACE8-D246E0231B75}.Release|Any CPU.ActiveCfg = Release|Any CPU
		{56C3F203-4CF9-481B-ACE8-D246E0231B75}.Release|Any CPU.Build.0 = Release|Any CPU
		{ED755864-0698-4553-AAFC-E641D0E11070}.Debug|Any CPU.ActiveCfg = Debug|Any CPU
		{ED755864-0698-4553-AAFC-E641D0E11070}.Debug|Any CPU.Build.0 = Debug|Any CPU
		{ED755864-0698-4553-AAFC-E641D0E11070}.Release|Any CPU.ActiveCfg = Release|Any CPU
		{ED755864-0698-4553-AAFC-E641D0E11070}.Release|Any CPU.Build.0 = Release|Any CPU
	EndGlobalSection
	GlobalSection(SolutionProperties) = preSolution
		HideSolutionNode = FALSE
	EndGlobalSection
	GlobalSection(ExtensibilityGlobals) = postSolution
		SolutionGuid = {2BC6E389-009E-442F-A763-2233CB5DA6CC}
	EndGlobalSection
EndGlobal
